// !$*UTF8*$!
{
	archiveVersion = 1;
	classes = {
	};
	objectVersion = 56;
	objects = {

/* Begin PBXBuildFile section */
		9DB8FF912C4569AB009B4F89 /* AppDelegate.swift in Sources */ = {isa = PBXBuildFile; fileRef = 9DB8FF902C4569AB009B4F89 /* AppDelegate.swift */; };
		9DB8FF932C4569AB009B4F89 /* SceneDelegate.swift in Sources */ = {isa = PBXBuildFile; fileRef = 9DB8FF922C4569AB009B4F89 /* SceneDelegate.swift */; };
		9DB8FF952C4569AB009B4F89 /* ViewController.swift in Sources */ = {isa = PBXBuildFile; fileRef = 9DB8FF942C4569AB009B4F89 /* ViewController.swift */; };
		9DB8FF982C4569AB009B4F89 /* Base in Resources */ = {isa = PBXBuildFile; fileRef = 9DB8FF972C4569AB009B4F89 /* Base */; };
		9DB8FF9A2C4569AC009B4F89 /* Assets.xcassets in Resources */ = {isa = PBXBuildFile; fileRef = 9DB8FF992C4569AC009B4F89 /* Assets.xcassets */; };
		9DB8FF9D2C4569AC009B4F89 /* Base in Resources */ = {isa = PBXBuildFile; fileRef = 9DB8FF9C2C4569AC009B4F89 /* Base */; };
		9DB8FFA62C456BE3009B4F89 /* SnapKit in Frameworks */ = {isa = PBXBuildFile; productRef = 9DB8FFA52C456BE3009B4F89 /* SnapKit */; };
		9DB8FFA82C456BE3009B4F89 /* SnapKit-Dynamic in Frameworks */ = {isa = PBXBuildFile; productRef = 9DB8FFA72C456BE3009B4F89 /* SnapKit-Dynamic */; };
		9DB8FFAA2C457088009B4F89 /* ImageSell.swift in Sources */ = {isa = PBXBuildFile; fileRef = 9DB8FFA92C457088009B4F89 /* ImageSell.swift */; };
/* End PBXBuildFile section */

/* Begin PBXFileReference section */
		9DB8FF8D2C4569AB009B4F89 /* картинки со snapkit.app */ = {isa = PBXFileReference; explicitFileType = wrapper.application; includeInIndex = 0; path = "картинки со snapkit.app"; sourceTree = BUILT_PRODUCTS_DIR; };
		9DB8FF902C4569AB009B4F89 /* AppDelegate.swift */ = {isa = PBXFileReference; lastKnownFileType = sourcecode.swift; path = AppDelegate.swift; sourceTree = "<group>"; };
		9DB8FF922C4569AB009B4F89 /* SceneDelegate.swift */ = {isa = PBXFileReference; lastKnownFileType = sourcecode.swift; path = SceneDelegate.swift; sourceTree = "<group>"; };
		9DB8FF942C4569AB009B4F89 /* ViewController.swift */ = {isa = PBXFileReference; lastKnownFileType = sourcecode.swift; path = ViewController.swift; sourceTree = "<group>"; };
		9DB8FF972C4569AB009B4F89 /* Base */ = {isa = PBXFileReference; lastKnownFileType = file.storyboard; name = Base; path = Base.lproj/Main.storyboard; sourceTree = "<group>"; };
		9DB8FF992C4569AC009B4F89 /* Assets.xcassets */ = {isa = PBXFileReference; lastKnownFileType = folder.assetcatalog; path = Assets.xcassets; sourceTree = "<group>"; };
		9DB8FF9C2C4569AC009B4F89 /* Base */ = {isa = PBXFileReference; lastKnownFileType = file.storyboard; name = Base; path = Base.lproj/LaunchScreen.storyboard; sourceTree = "<group>"; };
		9DB8FF9E2C4569AC009B4F89 /* Info.plist */ = {isa = PBXFileReference; lastKnownFileType = text.plist.xml; path = Info.plist; sourceTree = "<group>"; };
		9DB8FFA92C457088009B4F89 /* ImageSell.swift */ = {isa = PBXFileReference; lastKnownFileType = sourcecode.swift; path = ImageSell.swift; sourceTree = "<group>"; };
/* End PBXFileReference section */

/* Begin PBXFrameworksBuildPhase section */
		9DB8FF8A2C4569AB009B4F89 /* Frameworks */ = {
			isa = PBXFrameworksBuildPhase;
			buildActionMask = 2147483647;
			files = (
				9DB8FFA62C456BE3009B4F89 /* SnapKit in Frameworks */,
				9DB8FFA82C456BE3009B4F89 /* SnapKit-Dynamic in Frameworks */,
			);
			runOnlyForDeploymentPostprocessing = 0;
		};
/* End PBXFrameworksBuildPhase section */

/* Begin PBXGroup section */
		9DB8FF842C4569AB009B4F89 = {
			isa = PBXGroup;
			children = (
				9DB8FF8F2C4569AB009B4F89 /* картинки со snapkit */,
				9DB8FF8E2C4569AB009B4F89 /* Products */,
			);
			sourceTree = "<group>";
		};
		9DB8FF8E2C4569AB009B4F89 /* Products */ = {
			isa = PBXGroup;
			children = (
				9DB8FF8D2C4569AB009B4F89 /* картинки со snapkit.app */,
			);
			name = Products;
			sourceTree = "<group>";
		};
		9DB8FF8F2C4569AB009B4F89 /* картинки со snapkit */ = {
			isa = PBXGroup;
			children = (
				9DB8FF902C4569AB009B4F89 /* AppDelegate.swift */,
				9DB8FF922C4569AB009B4F89 /* SceneDelegate.swift */,
				9DB8FF942C4569AB009B4F89 /* ViewController.swift */,
				9DB8FFA92C457088009B4F89 /* ImageSell.swift */,
				9DB8FF962C4569AB009B4F89 /* Main.storyboard */,
				9DB8FF992C4569AC009B4F89 /* Assets.xcassets */,
				9DB8FF9B2C4569AC009B4F89 /* LaunchScreen.storyboard */,
				9DB8FF9E2C4569AC009B4F89 /* Info.plist */,
			);
			path = "картинки со snapkit";
			sourceTree = "<group>";
		};
/* End PBXGroup section */

/* Begin PBXNativeTarget section */
		9DB8FF8C2C4569AB009B4F89 /* картинки со snapkit */ = {
			isa = PBXNativeTarget;
			buildConfigurationList = 9DB8FFA12C4569AC009B4F89 /* Build configuration list for PBXNativeTarget "картинки со snapkit" */;
			buildPhases = (
				9DB8FF892C4569AB009B4F89 /* Sources */,
				9DB8FF8A2C4569AB009B4F89 /* Frameworks */,
				9DB8FF8B2C4569AB009B4F89 /* Resources */,
			);
			buildRules = (
			);
			dependencies = (
			);
			name = "картинки со snapkit";
			packageProductDependencies = (
				9DB8FFA52C456BE3009B4F89 /* SnapKit */,
				9DB8FFA72C456BE3009B4F89 /* SnapKit-Dynamic */,
			);
			productName = "картинки со snapkit";
			productReference = 9DB8FF8D2C4569AB009B4F89 /* картинки со snapkit.app */;
			productType = "com.apple.product-type.application";
		};
/* End PBXNativeTarget section */

/* Begin PBXProject section */
		9DB8FF852C4569AB009B4F89 /* Project object */ = {
			isa = PBXProject;
			attributes = {
				BuildIndependentTargetsInParallel = 1;
				LastSwiftUpdateCheck = 1540;
				LastUpgradeCheck = 1540;
				TargetAttributes = {
					9DB8FF8C2C4569AB009B4F89 = {
						CreatedOnToolsVersion = 15.4;
					};
				};
			};
			buildConfigurationList = 9DB8FF882C4569AB009B4F89 /* Build configuration list for PBXProject "картинки со snapkit" */;
			compatibilityVersion = "Xcode 14.0";
			developmentRegion = en;
			hasScannedForEncodings = 0;
			knownRegions = (
				en,
				Base,
			);
			mainGroup = 9DB8FF842C4569AB009B4F89;
			packageReferences = (
				9DB8FFA42C456BE3009B4F89 /* XCRemoteSwiftPackageReference "SnapKit" */,
			);
			productRefGroup = 9DB8FF8E2C4569AB009B4F89 /* Products */;
			projectDirPath = "";
			projectRoot = "";
			targets = (
				9DB8FF8C2C4569AB009B4F89 /* картинки со snapkit */,
			);
		};
/* End PBXProject section */

/* Begin PBXResourcesBuildPhase section */
		9DB8FF8B2C4569AB009B4F89 /* Resources */ = {
			isa = PBXResourcesBuildPhase;
			buildActionMask = 2147483647;
			files = (
				9DB8FF9A2C4569AC009B4F89 /* Assets.xcassets in Resources */,
				9DB8FF9D2C4569AC009B4F89 /* Base in Resources */,
				9DB8FF982C4569AB009B4F89 /* Base in Resources */,
			);
			runOnlyForDeploymentPostprocessing = 0;
		};
/* End PBXResourcesBuildPhase section */

/* Begin PBXSourcesBuildPhase section */
		9DB8FF892C4569AB009B4F89 /* Sources */ = {
			isa = PBXSourcesBuildPhase;
			buildActionMask = 2147483647;
			files = (
				9DB8FF952C4569AB009B4F89 /* ViewController.swift in Sources */,
				9DB8FFAA2C457088009B4F89 /* ImageSell.swift in Sources */,
				9DB8FF912C4569AB009B4F89 /* AppDelegate.swift in Sources */,
				9DB8FF932C4569AB009B4F89 /* SceneDelegate.swift in Sources */,
			);
			runOnlyForDeploymentPostprocessing = 0;
		};
/* End PBXSourcesBuildPhase section */

/* Begin PBXVariantGroup section */
		9DB8FF962C4569AB009B4F89 /* Main.storyboard */ = {
			isa = PBXVariantGroup;
			children = (
				9DB8FF972C4569AB009B4F89 /* Base */,
			);
			name = Main.storyboard;
			sourceTree = "<group>";
		};
		9DB8FF9B2C4569AC009B4F89 /* LaunchScreen.storyboard */ = {
			isa = PBXVariantGroup;
			children = (
				9DB8FF9C2C4569AC009B4F89 /* Base */,
			);
			name = LaunchScreen.storyboard;
			sourceTree = "<group>";
		};
/* End PBXVariantGroup section */

/* Begin XCBuildConfiguration section */
		9DB8FF9F2C4569AC009B4F89 /* Debug */ = {
			isa = XCBuildConfiguration;
			buildSettings = {
				ALWAYS_SEARCH_USER_PATHS = NO;
				ASSETCATALOG_COMPILER_GENERATE_SWIFT_ASSET_SYMBOL_EXTENSIONS = YES;
				CLANG_ANALYZER_NONNULL = YES;
				CLANG_ANALYZER_NUMBER_OBJECT_CONVERSION = YES_AGGRESSIVE;
				CLANG_CXX_LANGUAGE_STANDARD = "gnu++20";
				CLANG_ENABLE_MODULES = YES;
				CLANG_ENABLE_OBJC_ARC = YES;
				CLANG_ENABLE_OBJC_WEAK = YES;
				CLANG_WARN_BLOCK_CAPTURE_AUTORELEASING = YES;
				CLANG_WARN_BOOL_CONVERSION = YES;
				CLANG_WARN_COMMA = YES;
				CLANG_WARN_CONSTANT_CONVERSION = YES;
				CLANG_WARN_DEPRECATED_OBJC_IMPLEMENTATIONS = YES;
				CLANG_WARN_DIRECT_OBJC_ISA_USAGE = YES_ERROR;
				CLANG_WARN_DOCUMENTATION_COMMENTS = YES;
				CLANG_WARN_EMPTY_BODY = YES;
				CLANG_WARN_ENUM_CONVERSION = YES;
				CLANG_WARN_INFINITE_RECURSION = YES;
				CLANG_WARN_INT_CONVERSION = YES;
				CLANG_WARN_NON_LITERAL_NULL_CONVERSION = YES;
				CLANG_WARN_OBJC_IMPLICIT_RETAIN_SELF = YES;
				CLANG_WARN_OBJC_LITERAL_CONVERSION = YES;
				CLANG_WARN_OBJC_ROOT_CLASS = YES_ERROR;
				CLANG_WARN_QUOTED_INCLUDE_IN_FRAMEWORK_HEADER = YES;
				CLANG_WARN_RANGE_LOOP_ANALYSIS = YES;
				CLANG_WARN_STRICT_PROTOTYPES = YES;
				CLANG_WARN_SUSPICIOUS_MOVE = YES;
				CLANG_WARN_UNGUARDED_AVAILABILITY = YES_AGGRESSIVE;
				CLANG_WARN_UNREACHABLE_CODE = YES;
				CLANG_WARN__DUPLICATE_METHOD_MATCH = YES;
				COPY_PHASE_STRIP = NO;
				DEBUG_INFORMATION_FORMAT = dwarf;
				ENABLE_STRICT_OBJC_MSGSEND = YES;
				ENABLE_TESTABILITY = YES;
				ENABLE_USER_SCRIPT_SANDBOXING = YES;
				GCC_C_LANGUAGE_STANDARD = gnu17;
				GCC_DYNAMIC_NO_PIC = NO;
				GCC_NO_COMMON_BLOCKS = YES;
				GCC_OPTIMIZATION_LEVEL = 0;
				GCC_PREPROCESSOR_DEFINITIONS = (
					"DEBUG=1",
					"$(inherited)",
				);
				GCC_WARN_64_TO_32_BIT_CONVERSION = YES;
				GCC_WARN_ABOUT_RETURN_TYPE = YES_ERROR;
				GCC_WARN_UNDECLARED_SELECTOR = YES;
				GCC_WARN_UNINITIALIZED_AUTOS = YES_AGGRESSIVE;
				GCC_WARN_UNUSED_FUNCTION = YES;
				GCC_WARN_UNUSED_VARIABLE = YES;
				IPHONEOS_DEPLOYMENT_TARGET = 17.5;
				LOCALIZATION_PREFERS_STRING_CATALOGS = YES;
				MTL_ENABLE_DEBUG_INFO = INCLUDE_SOURCE;
				MTL_FAST_MATH = YES;
				ONLY_ACTIVE_ARCH = YES;
				SDKROOT = iphoneos;
				SWIFT_ACTIVE_COMPILATION_CONDITIONS = "DEBUG $(inherited)";
				SWIFT_OPTIMIZATION_LEVEL = "-Onone";
			};
			name = Debug;
		};
		9DB8FFA02C4569AC009B4F89 /* Release */ = {
			isa = XCBuildConfiguration;
			buildSettings = {
				ALWAYS_SEARCH_USER_PATHS = NO;
				ASSETCATALOG_COMPILER_GENERATE_SWIFT_ASSET_SYMBOL_EXTENSIONS = YES;
				CLANG_ANALYZER_NONNULL = YES;
				CLANG_ANALYZER_NUMBER_OBJECT_CONVERSION = YES_AGGRESSIVE;
				CLANG_CXX_LANGUAGE_STANDARD = "gnu++20";
				CLANG_ENABLE_MODULES = YES;
				CLANG_ENABLE_OBJC_ARC = YES;
				CLANG_ENABLE_OBJC_WEAK = YES;
				CLANG_WARN_BLOCK_CAPTURE_AUTORELEASING = YES;
				CLANG_WARN_BOOL_CONVERSION = YES;
				CLANG_WARN_COMMA = YES;
				CLANG_WARN_CONSTANT_CONVERSION = YES;
				CLANG_WARN_DEPRECATED_OBJC_IMPLEMENTATIONS = YES;
				CLANG_WARN_DIRECT_OBJC_ISA_USAGE = YES_ERROR;
				CLANG_WARN_DOCUMENTATION_COMMENTS = YES;
				CLANG_WARN_EMPTY_BODY = YES;
				CLANG_WARN_ENUM_CONVERSION = YES;
				CLANG_WARN_INFINITE_RECURSION = YES;
				CLANG_WARN_INT_CONVERSION = YES;
				CLANG_WARN_NON_LITERAL_NULL_CONVERSION = YES;
				CLANG_WARN_OBJC_IMPLICIT_RETAIN_SELF = YES;
				CLANG_WARN_OBJC_LITERAL_CONVERSION = YES;
				CLANG_WARN_OBJC_ROOT_CLASS = YES_ERROR;
				CLANG_WARN_QUOTED_INCLUDE_IN_FRAMEWORK_HEADER = YES;
				CLANG_WARN_RANGE_LOOP_ANALYSIS = YES;
				CLANG_WARN_STRICT_PROTOTYPES = YES;
				CLANG_WARN_SUSPICIOUS_MOVE = YES;
				CLANG_WARN_UNGUARDED_AVAILABILITY = YES_AGGRESSIVE;
				CLANG_WARN_UNREACHABLE_CODE = YES;
				CLANG_WARN__DUPLICATE_METHOD_MATCH = YES;
				COPY_PHASE_STRIP = NO;
				DEBUG_INFORMATION_FORMAT = "dwarf-with-dsym";
				ENABLE_NS_ASSERTIONS = NO;
				ENABLE_STRICT_OBJC_MSGSEND = YES;
				ENABLE_USER_SCRIPT_SANDBOXING = YES;
				GCC_C_LANGUAGE_STANDARD = gnu17;
				GCC_NO_COMMON_BLOCKS = YES;
				GCC_WARN_64_TO_32_BIT_CONVERSION = YES;
				GCC_WARN_ABOUT_RETURN_TYPE = YES_ERROR;
				GCC_WARN_UNDECLARED_SELECTOR = YES;
				GCC_WARN_UNINITIALIZED_AUTOS = YES_AGGRESSIVE;
				GCC_WARN_UNUSED_FUNCTION = YES;
				GCC_WARN_UNUSED_VARIABLE = YES;
				IPHONEOS_DEPLOYMENT_TARGET = 17.5;
				LOCALIZATION_PREFERS_STRING_CATALOGS = YES;
				MTL_ENABLE_DEBUG_INFO = NO;
				MTL_FAST_MATH = YES;
				SDKROOT = iphoneos;
				SWIFT_COMPILATION_MODE = wholemodule;
				VALIDATE_PRODUCT = YES;
			};
			name = Release;
		};
		9DB8FFA22C4569AC009B4F89 /* Debug */ = {
			isa = XCBuildConfiguration;
			buildSettings = {
				ASSETCATALOG_COMPILER_APPICON_NAME = AppIcon;
				ASSETCATALOG_COMPILER_GLOBAL_ACCENT_COLOR_NAME = AccentColor;
				CODE_SIGN_STYLE = Automatic;
				CURRENT_PROJECT_VERSION = 1;
				GENERATE_INFOPLIST_FILE = YES;
				INFOPLIST_FILE = "картинки со snapkit/Info.plist";
				INFOPLIST_KEY_UIApplicationSupportsIndirectInputEvents = YES;
				INFOPLIST_KEY_UILaunchStoryboardName = LaunchScreen;
				INFOPLIST_KEY_UIMainStoryboardFile = Main;
				INFOPLIST_KEY_UISupportedInterfaceOrientations_iPad = "UIInterfaceOrientationPortrait UIInterfaceOrientationPortraitUpsideDown UIInterfaceOrientationLandscapeLeft UIInterfaceOrientationLandscapeRight";
				INFOPLIST_KEY_UISupportedInterfaceOrientations_iPhone = "UIInterfaceOrientationPortrait UIInterfaceOrientationLandscapeLeft UIInterfaceOrientationLandscapeRight";
				LD_RUNPATH_SEARCH_PATHS = (
					"$(inherited)",
					"@executable_path/Frameworks",
				);
				MARKETING_VERSION = 1.0;
				PRODUCT_BUNDLE_IDENTIFIER = "russia.------------snapkit";
				PRODUCT_NAME = "$(TARGET_NAME)";
				SWIFT_EMIT_LOC_STRINGS = YES;
				SWIFT_VERSION = 5.0;
				TARGETED_DEVICE_FAMILY = "1,2";
			};
			name = Debug;
		};
		9DB8FFA32C4569AC009B4F89 /* Release */ = {
			isa = XCBuildConfiguration;
			buildSettings = {
				ASSETCATALOG_COMPILER_APPICON_NAME = AppIcon;
				ASSETCATALOG_COMPILER_GLOBAL_ACCENT_COLOR_NAME = AccentColor;
				CODE_SIGN_STYLE = Automatic;
				CURRENT_PROJECT_VERSION = 1;
				GENERATE_INFOPLIST_FILE = YES;
				INFOPLIST_FILE = "картинки со snapkit/Info.plist";
				INFOPLIST_KEY_UIApplicationSupportsIndirectInputEvents = YES;
				INFOPLIST_KEY_UILaunchStoryboardName = LaunchScreen;
				INFOPLIST_KEY_UIMainStoryboardFile = Main;
				INFOPLIST_KEY_UISupportedInterfaceOrientations_iPad = "UIInterfaceOrientationPortrait UIInterfaceOrientationPortraitUpsideDown UIInterfaceOrientationLandscapeLeft UIInterfaceOrientationLandscapeRight";
				INFOPLIST_KEY_UISupportedInterfaceOrientations_iPhone = "UIInterfaceOrientationPortrait UIInterfaceOrientationLandscapeLeft UIInterfaceOrientationLandscapeRight";
				LD_RUNPATH_SEARCH_PATHS = (
					"$(inherited)",
					"@executable_path/Frameworks",
				);
				MARKETING_VERSION = 1.0;
				PRODUCT_BUNDLE_IDENTIFIER = "russia.------------snapkit";
				PRODUCT_NAME = "$(TARGET_NAME)";
				SWIFT_EMIT_LOC_STRINGS = YES;
				SWIFT_VERSION = 5.0;
				TARGETED_DEVICE_FAMILY = "1,2";
			};
			name = Release;
		};
/* End XCBuildConfiguration section */

/* Begin XCConfigurationList section */
		9DB8FF882C4569AB009B4F89 /* Build configuration list for PBXProject "картинки со snapkit" */ = {
			isa = XCConfigurationList;
			buildConfigurations = (
				9DB8FF9F2C4569AC009B4F89 /* Debug */,
				9DB8FFA02C4569AC009B4F89 /* Release */,
			);
			defaultConfigurationIsVisible = 0;
			defaultConfigurationName = Release;
		};
		9DB8FFA12C4569AC009B4F89 /* Build configuration list for PBXNativeTarget "картинки со snapkit" */ = {
			isa = XCConfigurationList;
			buildConfigurations = (
				9DB8FFA22C4569AC009B4F89 /* Debug */,
				9DB8FFA32C4569AC009B4F89 /* Release */,
			);
			defaultConfigurationIsVisible = 0;
			defaultConfigurationName = Release;
		};
/* End XCConfigurationList section */

/* Begin XCRemoteSwiftPackageReference section */
		9DB8FFA42C456BE3009B4F89 /* XCRemoteSwiftPackageReference "SnapKit" */ = {
			isa = XCRemoteSwiftPackageReference;
			repositoryURL = "https://github.com/SnapKit/SnapKit";
			requirement = {
				kind = upToNextMajorVersion;
				minimumVersion = 5.7.1;
			};
		};
/* End XCRemoteSwiftPackageReference section */

/* Begin XCSwiftPackageProductDependency section */
		9DB8FFA52C456BE3009B4F89 /* SnapKit */ = {
			isa = XCSwiftPackageProductDependency;
			package = 9DB8FFA42C456BE3009B4F89 /* XCRemoteSwiftPackageReference "SnapKit" */;
			productName = SnapKit;
		};
		9DB8FFA72C456BE3009B4F89 /* SnapKit-Dynamic */ = {
			isa = XCSwiftPackageProductDependency;
			package = 9DB8FFA42C456BE3009B4F89 /* XCRemoteSwiftPackageReference "SnapKit" */;
			productName = "SnapKit-Dynamic";
		};
/* End XCSwiftPackageProductDependency section */
	};
	rootObject = 9DB8FF852C4569AB009B4F89 /* Project object */;
}
